
Microsoft Visual Studio Solution File, Format Version 12.00
# Visual Studio Version 16
VisualStudioVersion = 25.0.1700.4
MinimumVisualStudioVersion = 10.0.40219.1
Project("{FAE04EC0-301F-11D3-BF4B-00C04F79EFBC}") = "ProductManagementSystem", "ProductManagementSystem.csproj", "{6EBC9843-290F-4192-9AC1-3E5C78579F67}"
EndProject
Global
	GlobalSection(SolutionConfigurationPlatforms) = preSolution
		Debug|Any CPU = Debug|Any CPU
		Release|Any CPU = Release|Any CPU
	EndGlobalSection
	GlobalSection(ProjectConfigurationPlatforms) = postSolution
		{6EBC9843-290F-4192-9AC1-3E5C78579F67}.Debug|Any CPU.ActiveCfg = Debug|Any CPU
		{6EBC9843-290F-4192-9AC1-3E5C78579F67}.Debug|Any CPU.Build.0 = Debug|Any CPU
		{6EBC9843-290F-4192-9AC1-3E5C78579F67}.Release|Any CPU.ActiveCfg = Release|Any CPU
		{6EBC9843-290F-4192-9AC1-3E5C78579F67}.Release|Any CPU.Build.0 = Release|Any CPU
	EndGlobalSection
	GlobalSection(SolutionProperties) = preSolution
		HideSolutionNode = FALSE
	EndGlobalSection
	GlobalSection(ExtensibilityGlobals) = postSolution
		SolutionGuid = {DA6CE3C6-CB8F-4F97-802F-8D86A3FE64CA}
	EndGlobalSection
EndGlobal
